
Microsoft Visual Studio Solution File, Format Version 12.00
# Visual Studio Version 17
VisualStudioVersion = 17.1.32210.238
MinimumVisualStudioVersion = 10.0.40219.1
Project("{FAE04EC0-301F-11D3-BF4B-00C04F79EFBC}") = "1911064981_NguyenNgoThanhSinh_BigSchool", "1911064981_NguyenNgoThanhSinh_BigSchool\1911064981_NguyenNgoThanhSinh_BigSchool.csproj", "{E03C9EEF-1FAF-41C7-9F59-EB65F09BF173}"
EndProject
Global
	GlobalSection(SolutionConfigurationPlatforms) = preSolution
		Debug|Any CPU = Debug|Any CPU
		Release|Any CPU = Release|Any CPU
	EndGlobalSection
	GlobalSection(ProjectConfigurationPlatforms) = postSolution
		{E03C9EEF-1FAF-41C7-9F59-EB65F09BF173}.Debug|Any CPU.ActiveCfg = Debug|Any CPU
		{E03C9EEF-1FAF-41C7-9F59-EB65F09BF173}.Debug|Any CPU.Build.0 = Debug|Any CPU
		{E03C9EEF-1FAF-41C7-9F59-EB65F09BF173}.Release|Any CPU.ActiveCfg = Release|Any CPU
		{E03C9EEF-1FAF-41C7-9F59-EB65F09BF173}.Release|Any CPU.Build.0 = Release|Any CPU
	EndGlobalSection
	GlobalSection(SolutionProperties) = preSolution
		HideSolutionNode = FALSE
	EndGlobalSection
	GlobalSection(ExtensibilityGlobals) = postSolution
		SolutionGuid = {6BB2B3E6-CD97-40A2-AAF7-F17A3916D46A}
	EndGlobalSection
EndGlobal
